// !$*UTF8*$!
{
	archiveVersion = 1;
	classes = {
	};
	objectVersion = 56;
	objects = {

/* Begin PBXBuildFile section */
		EB5EB89C2B82752A00B61CC0 /* FirebaseAnalytics in Frameworks */ = {isa = PBXBuildFile; productRef = EB5EB89B2B82752A00B61CC0 /* FirebaseAnalytics */; };
		EB5EB89E2B82752A00B61CC0 /* FirebaseAnalyticsOnDeviceConversion in Frameworks */ = {isa = PBXBuildFile; productRef = EB5EB89D2B82752A00B61CC0 /* FirebaseAnalyticsOnDeviceConversion */; };
		EB5EB8A02B82752A00B61CC0 /* FirebaseAnalyticsSwift in Frameworks */ = {isa = PBXBuildFile; productRef = EB5EB89F2B82752A00B61CC0 /* FirebaseAnalyticsSwift */; };
		EB5EB8A22B82752A00B61CC0 /* FirebaseAnalyticsWithoutAdIdSupport in Frameworks */ = {isa = PBXBuildFile; productRef = EB5EB8A12B82752A00B61CC0 /* FirebaseAnalyticsWithoutAdIdSupport */; };
		EB5EB8A42B82752A00B61CC0 /* FirebaseAppCheck in Frameworks */ = {isa = PBXBuildFile; productRef = EB5EB8A32B82752A00B61CC0 /* FirebaseAppCheck */; };
		EB5EB8A62B82752A00B61CC0 /* FirebaseAppDistribution-Beta in Frameworks */ = {isa = PBXBuildFile; productRef = EB5EB8A52B82752A00B61CC0 /* FirebaseAppDistribution-Beta */; };
		EB5EB8A82B82752A00B61CC0 /* FirebaseAuth in Frameworks */ = {isa = PBXBuildFile; productRef = EB5EB8A72B82752A00B61CC0 /* FirebaseAuth */; };
		EB5EB8AA2B82752A00B61CC0 /* FirebaseAuthCombine-Community in Frameworks */ = {isa = PBXBuildFile; productRef = EB5EB8A92B82752A00B61CC0 /* FirebaseAuthCombine-Community */; };
		EB5EB8AC2B82752A00B61CC0 /* FirebaseCrashlytics in Frameworks */ = {isa = PBXBuildFile; productRef = EB5EB8AB2B82752A00B61CC0 /* FirebaseCrashlytics */; };
		EB5EB8AE2B82752A00B61CC0 /* FirebaseDatabase in Frameworks */ = {isa = PBXBuildFile; productRef = EB5EB8AD2B82752A00B61CC0 /* FirebaseDatabase */; };
		EB5EB8B02B82752A00B61CC0 /* FirebaseDatabaseSwift in Frameworks */ = {isa = PBXBuildFile; productRef = EB5EB8AF2B82752A00B61CC0 /* FirebaseDatabaseSwift */; };
		EB5EB8B22B82752A00B61CC0 /* FirebaseDynamicLinks in Frameworks */ = {isa = PBXBuildFile; productRef = EB5EB8B12B82752A00B61CC0 /* FirebaseDynamicLinks */; };
		EB5EB8B42B82752A00B61CC0 /* FirebaseFirestore in Frameworks */ = {isa = PBXBuildFile; productRef = EB5EB8B32B82752A00B61CC0 /* FirebaseFirestore */; };
		EB5EB8B62B82752A00B61CC0 /* FirebaseFirestoreCombine-Community in Frameworks */ = {isa = PBXBuildFile; productRef = EB5EB8B52B82752A00B61CC0 /* FirebaseFirestoreCombine-Community */; };
		EB5EB8B82B82752A00B61CC0 /* FirebaseFirestoreSwift in Frameworks */ = {isa = PBXBuildFile; productRef = EB5EB8B72B82752A00B61CC0 /* FirebaseFirestoreSwift */; };
		EB5EB8BA2B82752A00B61CC0 /* FirebaseFunctions in Frameworks */ = {isa = PBXBuildFile; productRef = EB5EB8B92B82752A00B61CC0 /* FirebaseFunctions */; };
		EB5EB8BC2B82752A00B61CC0 /* FirebaseFunctionsCombine-Community in Frameworks */ = {isa = PBXBuildFile; productRef = EB5EB8BB2B82752A00B61CC0 /* FirebaseFunctionsCombine-Community */; };
		EB5EB8BE2B82752A00B61CC0 /* FirebaseInAppMessaging-Beta in Frameworks */ = {isa = PBXBuildFile; productRef = EB5EB8BD2B82752A00B61CC0 /* FirebaseInAppMessaging-Beta */; };
		EB5EB8C02B82752A00B61CC0 /* FirebaseInAppMessagingSwift-Beta in Frameworks */ = {isa = PBXBuildFile; productRef = EB5EB8BF2B82752A00B61CC0 /* FirebaseInAppMessagingSwift-Beta */; };
		EB5EB8C22B82752A00B61CC0 /* FirebaseInstallations in Frameworks */ = {isa = PBXBuildFile; productRef = EB5EB8C12B82752A00B61CC0 /* FirebaseInstallations */; };
		EB5EB8C42B82752A00B61CC0 /* FirebaseMLModelDownloader in Frameworks */ = {isa = PBXBuildFile; productRef = EB5EB8C32B82752A00B61CC0 /* FirebaseMLModelDownloader */; };
		EB5EB8C62B82752A00B61CC0 /* FirebaseMessaging in Frameworks */ = {isa = PBXBuildFile; productRef = EB5EB8C52B82752A00B61CC0 /* FirebaseMessaging */; };
		EB5EB8C82B82752A00B61CC0 /* FirebasePerformance in Frameworks */ = {isa = PBXBuildFile; productRef = EB5EB8C72B82752A00B61CC0 /* FirebasePerformance */; };
		EB5EB8CA2B82752A00B61CC0 /* FirebaseRemoteConfig in Frameworks */ = {isa = PBXBuildFile; productRef = EB5EB8C92B82752A00B61CC0 /* FirebaseRemoteConfig */; };
		EB5EB8CC2B82752A00B61CC0 /* FirebaseRemoteConfigSwift in Frameworks */ = {isa = PBXBuildFile; productRef = EB5EB8CB2B82752A00B61CC0 /* FirebaseRemoteConfigSwift */; };
		EB5EB8CE2B82752A00B61CC0 /* FirebaseStorage in Frameworks */ = {isa = PBXBuildFile; productRef = EB5EB8CD2B82752A00B61CC0 /* FirebaseStorage */; };
		EB5EB8D02B82752A00B61CC0 /* FirebaseStorageCombine-Community in Frameworks */ = {isa = PBXBuildFile; productRef = EB5EB8CF2B82752A00B61CC0 /* FirebaseStorageCombine-Community */; };
		EB6536BA2B83F1AD0084A227 /* WorkoutPlan.swift in Sources */ = {isa = PBXBuildFile; fileRef = EB6536B92B83F1AD0084A227 /* WorkoutPlan.swift */; };
		EB6536BC2B83F24C0084A227 /* Workout.swift in Sources */ = {isa = PBXBuildFile; fileRef = EB6536BB2B83F24C0084A227 /* Workout.swift */; };
		EB6536BE2B84199A0084A227 /* CreateWorkoutPlanView.swift in Sources */ = {isa = PBXBuildFile; fileRef = EB6536BD2B84199A0084A227 /* CreateWorkoutPlanView.swift */; };
		EB6536C02B841A6A0084A227 /* CreateWorkoutView.swift in Sources */ = {isa = PBXBuildFile; fileRef = EB6536BF2B841A6A0084A227 /* CreateWorkoutView.swift */; };
		EB6536C22B843FAC0084A227 /* WorkoutSetRowView.swift in Sources */ = {isa = PBXBuildFile; fileRef = EB6536C12B843FAC0084A227 /* WorkoutSetRowView.swift */; };
		EB6536C42B8444B90084A227 /* ButtonView.swift in Sources */ = {isa = PBXBuildFile; fileRef = EB6536C32B8444B90084A227 /* ButtonView.swift */; };
		EB6536CC2B853B5E0084A227 /* WorkoutSetInputView.swift in Sources */ = {isa = PBXBuildFile; fileRef = EB6536CB2B853B5E0084A227 /* WorkoutSetInputView.swift */; };
		EB6536CE2B8569140084A227 /* WorkoutRowView.swift in Sources */ = {isa = PBXBuildFile; fileRef = EB6536CD2B8569140084A227 /* WorkoutRowView.swift */; };
		EB6536D02B8691C10084A227 /* WorkoutPlanGridItemView.swift in Sources */ = {isa = PBXBuildFile; fileRef = EB6536CF2B8691C10084A227 /* WorkoutPlanGridItemView.swift */; };
		EB6536D22B8694F40084A227 /* DeleteSet.swift in Sources */ = {isa = PBXBuildFile; fileRef = EB6536D12B8694F40084A227 /* DeleteSet.swift */; };
		EB73341E2B7DB344005798BA /* InputView.swift in Sources */ = {isa = PBXBuildFile; fileRef = EB73341D2B7DB344005798BA /* InputView.swift */; };
		EB7334202B800AA6005798BA /* RegistrationView.swift in Sources */ = {isa = PBXBuildFile; fileRef = EB73341F2B800AA6005798BA /* RegistrationView.swift */; };
		EB7334242B8019DB005798BA /* ProfileView.swift in Sources */ = {isa = PBXBuildFile; fileRef = EB7334232B8019DB005798BA /* ProfileView.swift */; };
		EB7334282B8162BA005798BA /* SettingsRowView.swift in Sources */ = {isa = PBXBuildFile; fileRef = EB7334272B8162BA005798BA /* SettingsRowView.swift */; };
		EB73342A2B81824E005798BA /* User.swift in Sources */ = {isa = PBXBuildFile; fileRef = EB7334292B81824E005798BA /* User.swift */; };
		EB73342C2B81885B005798BA /* AuthViewModel.swift in Sources */ = {isa = PBXBuildFile; fileRef = EB73342B2B81885B005798BA /* AuthViewModel.swift */; };
		EB73342E2B818E22005798BA /* LoginView.swift in Sources */ = {isa = PBXBuildFile; fileRef = EB73342D2B818E22005798BA /* LoginView.swift */; };
		EB7334302B819941005798BA /* HomeView.swift in Sources */ = {isa = PBXBuildFile; fileRef = EB73342F2B819941005798BA /* HomeView.swift */; };
		EB7AF5992B6ECA3F007CDFE6 /* TrainXApp.swift in Sources */ = {isa = PBXBuildFile; fileRef = EB7AF5982B6ECA3F007CDFE6 /* TrainXApp.swift */; };
		EB7AF59B2B6ECA3F007CDFE6 /* ContentView.swift in Sources */ = {isa = PBXBuildFile; fileRef = EB7AF59A2B6ECA3F007CDFE6 /* ContentView.swift */; };
		EB7AF59D2B6ECA41007CDFE6 /* Assets.xcassets in Resources */ = {isa = PBXBuildFile; fileRef = EB7AF59C2B6ECA41007CDFE6 /* Assets.xcassets */; };
		EB7AF5A02B6ECA41007CDFE6 /* Preview Assets.xcassets in Resources */ = {isa = PBXBuildFile; fileRef = EB7AF59F2B6ECA41007CDFE6 /* Preview Assets.xcassets */; };
		EB7AF5A82B7ACC2C007CDFE6 /* HistoryView.swift in Sources */ = {isa = PBXBuildFile; fileRef = EB7AF5A72B7ACC2C007CDFE6 /* HistoryView.swift */; };
		EB7AF5AA2B7ACC9D007CDFE6 /* WorkoutPlansView.swift in Sources */ = {isa = PBXBuildFile; fileRef = EB7AF5A92B7ACC9D007CDFE6 /* WorkoutPlansView.swift */; };
		EB7AF5AC2B7ACCFD007CDFE6 /* ChatView.swift in Sources */ = {isa = PBXBuildFile; fileRef = EB7AF5AB2B7ACCFD007CDFE6 /* ChatView.swift */; };
		EB7AF5C02B7B0787007CDFE6 /* AuthenticationService.swift in Sources */ = {isa = PBXBuildFile; fileRef = EB7AF5BF2B7B0787007CDFE6 /* AuthenticationService.swift */; };
		EB7AF5D62B7C06FA007CDFE6 /* GoogleSignIn.swift in Sources */ = {isa = PBXBuildFile; fileRef = EB7AF5D52B7C06FA007CDFE6 /* GoogleSignIn.swift */; };
		EB8B64D02B9E334200A1F067 /* Constants.swift in Sources */ = {isa = PBXBuildFile; fileRef = EB8B64CF2B9E334200A1F067 /* Constants.swift */; };
		EB8B64D22B9E33F000A1F067 /* ChatViewModel.swift in Sources */ = {isa = PBXBuildFile; fileRef = EB8B64D12B9E33F000A1F067 /* ChatViewModel.swift */; };
		EB8B64D52B9E35AF00A1F067 /* Alamofire in Frameworks */ = {isa = PBXBuildFile; productRef = EB8B64D42B9E35AF00A1F067 /* Alamofire */; };
		EB8B64D72B9E35AF00A1F067 /* AlamofireDynamic in Frameworks */ = {isa = PBXBuildFile; productRef = EB8B64D62B9E35AF00A1F067 /* AlamofireDynamic */; };
		EB8B64D92B9E35BB00A1F067 /* OpenAIService.swift in Sources */ = {isa = PBXBuildFile; fileRef = EB8B64D82B9E35BB00A1F067 /* OpenAIService.swift */; };
		EB8B64DD2B9E4A6900A1F067 /* MessageView.swift in Sources */ = {isa = PBXBuildFile; fileRef = EB8B64DC2B9E4A6900A1F067 /* MessageView.swift */; };
		EB8B64DF2B9E519900A1F067 /* Swift.gitignore in Resources */ = {isa = PBXBuildFile; fileRef = EB8B64DE2B9E519900A1F067 /* Swift.gitignore */; };
		EB8B64E52BA6379500A1F067 /* NewPostView.swift in Sources */ = {isa = PBXBuildFile; fileRef = EB8B64E42BA6379500A1F067 /* NewPostView.swift */; };
		EB8B64E72BA637AC00A1F067 /* Post.swift in Sources */ = {isa = PBXBuildFile; fileRef = EB8B64E62BA637AC00A1F067 /* Post.swift */; };
		EB8B64E92BA638E000A1F067 /* PostService.swift in Sources */ = {isa = PBXBuildFile; fileRef = EB8B64E82BA638E000A1F067 /* PostService.swift */; };
		EB8B64ED2BA63A4000A1F067 /* Kingfisher in Frameworks */ = {isa = PBXBuildFile; productRef = EB8B64EC2BA63A4000A1F067 /* Kingfisher */; };
		EB8B64EF2BA63C0B00A1F067 /* UploadPostViewModel.swift in Sources */ = {isa = PBXBuildFile; fileRef = EB8B64EE2BA63C0B00A1F067 /* UploadPostViewModel.swift */; };
		EB8B64F62BA6464300A1F067 /* FeedViewModel.swift in Sources */ = {isa = PBXBuildFile; fileRef = EB8B64F52BA6464300A1F067 /* FeedViewModel.swift */; };
		EB8B64F82BA6465100A1F067 /* FeedView.swift in Sources */ = {isa = PBXBuildFile; fileRef = EB8B64F72BA6465100A1F067 /* FeedView.swift */; };
		EB8B64FA2BA646CB00A1F067 /* PostRowView.swift in Sources */ = {isa = PBXBuildFile; fileRef = EB8B64F92BA646CB00A1F067 /* PostRowView.swift */; };
		EB8B64FC2BA646E600A1F067 /* PostRowViewModel.swift in Sources */ = {isa = PBXBuildFile; fileRef = EB8B64FB2BA646E600A1F067 /* PostRowViewModel.swift */; };
		EB8B64FE2BA648DC00A1F067 /* UserService.swift in Sources */ = {isa = PBXBuildFile; fileRef = EB8B64FD2BA648DC00A1F067 /* UserService.swift */; };
		EB8B65042BA652BB00A1F067 /* TextArea.swift in Sources */ = {isa = PBXBuildFile; fileRef = EB8B65032BA652BB00A1F067 /* TextArea.swift */; };
		EBE8873A2B898F7400E2B3CF /* GoogleService-Info.plist in Resources */ = {isa = PBXBuildFile; fileRef = EBE887392B898F7400E2B3CF /* GoogleService-Info.plist */; };
		EBE8873C2B95214900E2B3CF /* UpdateWorkoutPlanView.swift in Sources */ = {isa = PBXBuildFile; fileRef = EBE8873B2B95214900E2B3CF /* UpdateWorkoutPlanView.swift */; };
		EBE887402B97AD6900E2B3CF /* WorkoutPlanDetailView.swift in Sources */ = {isa = PBXBuildFile; fileRef = EBE8873F2B97AD6900E2B3CF /* WorkoutPlanDetailView.swift */; };
/* End PBXBuildFile section */

/* Begin PBXFileReference section */
		EB6536B92B83F1AD0084A227 /* WorkoutPlan.swift */ = {isa = PBXFileReference; lastKnownFileType = sourcecode.swift; path = WorkoutPlan.swift; sourceTree = "<group>"; };
		EB6536BB2B83F24C0084A227 /* Workout.swift */ = {isa = PBXFileReference; lastKnownFileType = sourcecode.swift; path = Workout.swift; sourceTree = "<group>"; };
		EB6536BD2B84199A0084A227 /* CreateWorkoutPlanView.swift */ = {isa = PBXFileReference; lastKnownFileType = sourcecode.swift; path = CreateWorkoutPlanView.swift; sourceTree = "<group>"; };
		EB6536BF2B841A6A0084A227 /* CreateWorkoutView.swift */ = {isa = PBXFileReference; lastKnownFileType = sourcecode.swift; path = CreateWorkoutView.swift; sourceTree = "<group>"; };
		EB6536C12B843FAC0084A227 /* WorkoutSetRowView.swift */ = {isa = PBXFileReference; lastKnownFileType = sourcecode.swift; path = WorkoutSetRowView.swift; sourceTree = "<group>"; };
		EB6536C32B8444B90084A227 /* ButtonView.swift */ = {isa = PBXFileReference; lastKnownFileType = sourcecode.swift; path = ButtonView.swift; sourceTree = "<group>"; };
		EB6536CB2B853B5E0084A227 /* WorkoutSetInputView.swift */ = {isa = PBXFileReference; lastKnownFileType = sourcecode.swift; path = WorkoutSetInputView.swift; sourceTree = "<group>"; };
		EB6536CD2B8569140084A227 /* WorkoutRowView.swift */ = {isa = PBXFileReference; lastKnownFileType = sourcecode.swift; path = WorkoutRowView.swift; sourceTree = "<group>"; };
		EB6536CF2B8691C10084A227 /* WorkoutPlanGridItemView.swift */ = {isa = PBXFileReference; lastKnownFileType = sourcecode.swift; path = WorkoutPlanGridItemView.swift; sourceTree = "<group>"; };
		EB6536D12B8694F40084A227 /* DeleteSet.swift */ = {isa = PBXFileReference; lastKnownFileType = sourcecode.swift; path = DeleteSet.swift; sourceTree = "<group>"; };
		EB73341D2B7DB344005798BA /* InputView.swift */ = {isa = PBXFileReference; lastKnownFileType = sourcecode.swift; path = InputView.swift; sourceTree = "<group>"; };
		EB73341F2B800AA6005798BA /* RegistrationView.swift */ = {isa = PBXFileReference; lastKnownFileType = sourcecode.swift; path = RegistrationView.swift; sourceTree = "<group>"; };
		EB7334232B8019DB005798BA /* ProfileView.swift */ = {isa = PBXFileReference; lastKnownFileType = sourcecode.swift; path = ProfileView.swift; sourceTree = "<group>"; };
		EB7334272B8162BA005798BA /* SettingsRowView.swift */ = {isa = PBXFileReference; lastKnownFileType = sourcecode.swift; path = SettingsRowView.swift; sourceTree = "<group>"; };
		EB7334292B81824E005798BA /* User.swift */ = {isa = PBXFileReference; lastKnownFileType = sourcecode.swift; path = User.swift; sourceTree = "<group>"; };
		EB73342B2B81885B005798BA /* AuthViewModel.swift */ = {isa = PBXFileReference; lastKnownFileType = sourcecode.swift; path = AuthViewModel.swift; sourceTree = "<group>"; };
		EB73342D2B818E22005798BA /* LoginView.swift */ = {isa = PBXFileReference; fileEncoding = 4; lastKnownFileType = sourcecode.swift; path = LoginView.swift; sourceTree = "<group>"; };
		EB73342F2B819941005798BA /* HomeView.swift */ = {isa = PBXFileReference; lastKnownFileType = sourcecode.swift; path = HomeView.swift; sourceTree = "<group>"; };
		EB7AF5982B6ECA3F007CDFE6 /* TrainXApp.swift */ = {isa = PBXFileReference; lastKnownFileType = sourcecode.swift; path = TrainXApp.swift; sourceTree = "<group>"; };
		EB7AF59A2B6ECA3F007CDFE6 /* ContentView.swift */ = {isa = PBXFileReference; lastKnownFileType = sourcecode.swift; path = ContentView.swift; sourceTree = "<group>"; };
		EB7AF59C2B6ECA41007CDFE6 /* Assets.xcassets */ = {isa = PBXFileReference; lastKnownFileType = folder.assetcatalog; path = Assets.xcassets; sourceTree = "<group>"; };
		EB7AF59F2B6ECA41007CDFE6 /* Preview Assets.xcassets */ = {isa = PBXFileReference; lastKnownFileType = folder.assetcatalog; path = "Preview Assets.xcassets"; sourceTree = "<group>"; };
		EB7AF5A72B7ACC2C007CDFE6 /* HistoryView.swift */ = {isa = PBXFileReference; lastKnownFileType = sourcecode.swift; path = HistoryView.swift; sourceTree = "<group>"; };
		EB7AF5A92B7ACC9D007CDFE6 /* WorkoutPlansView.swift */ = {isa = PBXFileReference; lastKnownFileType = sourcecode.swift; path = WorkoutPlansView.swift; sourceTree = "<group>"; };
		EB7AF5AB2B7ACCFD007CDFE6 /* ChatView.swift */ = {isa = PBXFileReference; lastKnownFileType = sourcecode.swift; path = ChatView.swift; sourceTree = "<group>"; };
		EB7AF5BF2B7B0787007CDFE6 /* AuthenticationService.swift */ = {isa = PBXFileReference; lastKnownFileType = sourcecode.swift; path = AuthenticationService.swift; sourceTree = "<group>"; };
		EB7AF5D52B7C06FA007CDFE6 /* GoogleSignIn.swift */ = {isa = PBXFileReference; lastKnownFileType = sourcecode.swift; path = GoogleSignIn.swift; sourceTree = "<group>"; };
		EB7AF5D72B7C0728007CDFE6 /* Info.plist */ = {isa = PBXFileReference; lastKnownFileType = text.plist; path = Info.plist; sourceTree = "<group>"; };
		EB7AF5EA2B7C16B9007CDFE6 /* TrainX.app */ = {isa = PBXFileReference; explicitFileType = wrapper.application; includeInIndex = 0; path = TrainX.app; sourceTree = BUILT_PRODUCTS_DIR; };
		EB8B64CF2B9E334200A1F067 /* Constants.swift */ = {isa = PBXFileReference; lastKnownFileType = sourcecode.swift; path = Constants.swift; sourceTree = "<group>"; };
		EB8B64D12B9E33F000A1F067 /* ChatViewModel.swift */ = {isa = PBXFileReference; lastKnownFileType = sourcecode.swift; path = ChatViewModel.swift; sourceTree = "<group>"; };
		EB8B64D82B9E35BB00A1F067 /* OpenAIService.swift */ = {isa = PBXFileReference; lastKnownFileType = sourcecode.swift; path = OpenAIService.swift; sourceTree = "<group>"; };
		EB8B64DC2B9E4A6900A1F067 /* MessageView.swift */ = {isa = PBXFileReference; lastKnownFileType = sourcecode.swift; path = MessageView.swift; sourceTree = "<group>"; };
		EB8B64DE2B9E519900A1F067 /* Swift.gitignore */ = {isa = PBXFileReference; fileEncoding = 4; lastKnownFileType = text; path = Swift.gitignore; sourceTree = "<group>"; };
		EB8B64E42BA6379500A1F067 /* NewPostView.swift */ = {isa = PBXFileReference; lastKnownFileType = sourcecode.swift; path = NewPostView.swift; sourceTree = "<group>"; };
		EB8B64E62BA637AC00A1F067 /* Post.swift */ = {isa = PBXFileReference; lastKnownFileType = sourcecode.swift; path = Post.swift; sourceTree = "<group>"; };
		EB8B64E82BA638E000A1F067 /* PostService.swift */ = {isa = PBXFileReference; lastKnownFileType = sourcecode.swift; path = PostService.swift; sourceTree = "<group>"; };
		EB8B64EE2BA63C0B00A1F067 /* UploadPostViewModel.swift */ = {isa = PBXFileReference; lastKnownFileType = sourcecode.swift; path = UploadPostViewModel.swift; sourceTree = "<group>"; };
		EB8B64F52BA6464300A1F067 /* FeedViewModel.swift */ = {isa = PBXFileReference; lastKnownFileType = sourcecode.swift; path = FeedViewModel.swift; sourceTree = "<group>"; };
		EB8B64F72BA6465100A1F067 /* FeedView.swift */ = {isa = PBXFileReference; lastKnownFileType = sourcecode.swift; path = FeedView.swift; sourceTree = "<group>"; };
		EB8B64F92BA646CB00A1F067 /* PostRowView.swift */ = {isa = PBXFileReference; lastKnownFileType = sourcecode.swift; path = PostRowView.swift; sourceTree = "<group>"; };
		EB8B64FB2BA646E600A1F067 /* PostRowViewModel.swift */ = {isa = PBXFileReference; lastKnownFileType = sourcecode.swift; path = PostRowViewModel.swift; sourceTree = "<group>"; };
		EB8B64FD2BA648DC00A1F067 /* UserService.swift */ = {isa = PBXFileReference; lastKnownFileType = sourcecode.swift; path = UserService.swift; sourceTree = "<group>"; };
		EB8B65032BA652BB00A1F067 /* TextArea.swift */ = {isa = PBXFileReference; fileEncoding = 4; lastKnownFileType = sourcecode.swift; path = TextArea.swift; sourceTree = "<group>"; };
		EBE887392B898F7400E2B3CF /* GoogleService-Info.plist */ = {isa = PBXFileReference; fileEncoding = 4; lastKnownFileType = text.plist.xml; path = "GoogleService-Info.plist"; sourceTree = "<group>"; };
		EBE8873B2B95214900E2B3CF /* UpdateWorkoutPlanView.swift */ = {isa = PBXFileReference; lastKnownFileType = sourcecode.swift; path = UpdateWorkoutPlanView.swift; sourceTree = "<group>"; };
		EBE8873F2B97AD6900E2B3CF /* WorkoutPlanDetailView.swift */ = {isa = PBXFileReference; lastKnownFileType = sourcecode.swift; path = WorkoutPlanDetailView.swift; sourceTree = "<group>"; };
/* End PBXFileReference section */

/* Begin PBXFrameworksBuildPhase section */
		EB7AF5922B6ECA3F007CDFE6 /* Frameworks */ = {
			isa = PBXFrameworksBuildPhase;
			buildActionMask = 2147483647;
			files = (
				EB5EB8AE2B82752A00B61CC0 /* FirebaseDatabase in Frameworks */,
				EB8B64D52B9E35AF00A1F067 /* Alamofire in Frameworks */,
				EB5EB8BC2B82752A00B61CC0 /* FirebaseFunctionsCombine-Community in Frameworks */,
				EB5EB8B42B82752A00B61CC0 /* FirebaseFirestore in Frameworks */,
				EB5EB8A02B82752A00B61CC0 /* FirebaseAnalyticsSwift in Frameworks */,
				EB5EB89C2B82752A00B61CC0 /* FirebaseAnalytics in Frameworks */,
				EB5EB89E2B82752A00B61CC0 /* FirebaseAnalyticsOnDeviceConversion in Frameworks */,
				EB5EB8C42B82752A00B61CC0 /* FirebaseMLModelDownloader in Frameworks */,
				EB5EB8B82B82752A00B61CC0 /* FirebaseFirestoreSwift in Frameworks */,
				EB5EB8A42B82752A00B61CC0 /* FirebaseAppCheck in Frameworks */,
				EB5EB8A22B82752A00B61CC0 /* FirebaseAnalyticsWithoutAdIdSupport in Frameworks */,
				EB8B64D72B9E35AF00A1F067 /* AlamofireDynamic in Frameworks */,
				EB5EB8A82B82752A00B61CC0 /* FirebaseAuth in Frameworks */,
				EB5EB8AC2B82752A00B61CC0 /* FirebaseCrashlytics in Frameworks */,
				EB5EB8CC2B82752A00B61CC0 /* FirebaseRemoteConfigSwift in Frameworks */,
				EB5EB8BE2B82752A00B61CC0 /* FirebaseInAppMessaging-Beta in Frameworks */,
				EB5EB8B02B82752A00B61CC0 /* FirebaseDatabaseSwift in Frameworks */,
				EB5EB8BA2B82752A00B61CC0 /* FirebaseFunctions in Frameworks */,
				EB5EB8D02B82752A00B61CC0 /* FirebaseStorageCombine-Community in Frameworks */,
				EB5EB8CA2B82752A00B61CC0 /* FirebaseRemoteConfig in Frameworks */,
				EB5EB8A62B82752A00B61CC0 /* FirebaseAppDistribution-Beta in Frameworks */,
				EB5EB8AA2B82752A00B61CC0 /* FirebaseAuthCombine-Community in Frameworks */,
				EB5EB8C82B82752A00B61CC0 /* FirebasePerformance in Frameworks */,
				EB5EB8C02B82752A00B61CC0 /* FirebaseInAppMessagingSwift-Beta in Frameworks */,
				EB8B64ED2BA63A4000A1F067 /* Kingfisher in Frameworks */,
				EB5EB8CE2B82752A00B61CC0 /* FirebaseStorage in Frameworks */,
				EB5EB8B22B82752A00B61CC0 /* FirebaseDynamicLinks in Frameworks */,
				EB5EB8B62B82752A00B61CC0 /* FirebaseFirestoreCombine-Community in Frameworks */,
				EB5EB8C62B82752A00B61CC0 /* FirebaseMessaging in Frameworks */,
				EB5EB8C22B82752A00B61CC0 /* FirebaseInstallations in Frameworks */,
			);
			runOnlyForDeploymentPostprocessing = 0;
		};
/* End PBXFrameworksBuildPhase section */

/* Begin PBXGroup section */
		EB6536D32B86A2D80084A227 /* Workout */ = {
			isa = PBXGroup;
			children = (
				EB6536CB2B853B5E0084A227 /* WorkoutSetInputView.swift */,
				EB6536CF2B8691C10084A227 /* WorkoutPlanGridItemView.swift */,
				EB6536C12B843FAC0084A227 /* WorkoutSetRowView.swift */,
				EB6536BD2B84199A0084A227 /* CreateWorkoutPlanView.swift */,
				EB6536BF2B841A6A0084A227 /* CreateWorkoutView.swift */,
				EB6536CD2B8569140084A227 /* WorkoutRowView.swift */,
				EBE8873B2B95214900E2B3CF /* UpdateWorkoutPlanView.swift */,
				EBE8873F2B97AD6900E2B3CF /* WorkoutPlanDetailView.swift */,
			);
			path = Workout;
			sourceTree = "<group>";
		};
		EB6536D42B86A8EB0084A227 /* TabViews */ = {
			isa = PBXGroup;
			children = (
				EB7AF5A92B7ACC9D007CDFE6 /* WorkoutPlansView.swift */,
				EB7AF5A72B7ACC2C007CDFE6 /* HistoryView.swift */,
				EB7334232B8019DB005798BA /* ProfileView.swift */,
			);
			path = TabViews;
			sourceTree = "<group>";
		};
		EB7334252B8161C4005798BA /* Components */ = {
			isa = PBXGroup;
			children = (
				EB8B65032BA652BB00A1F067 /* TextArea.swift */,
				EB73341D2B7DB344005798BA /* InputView.swift */,
				EB7334272B8162BA005798BA /* SettingsRowView.swift */,
				EB6536C32B8444B90084A227 /* ButtonView.swift */,
			);
			path = Components;
			sourceTree = "<group>";
		};
		EB7AF58C2B6ECA3F007CDFE6 = {
			isa = PBXGroup;
			children = (
				EBE887392B898F7400E2B3CF /* GoogleService-Info.plist */,
				EB7AF5972B6ECA3F007CDFE6 /* TrainX */,
				EB7AF5EA2B7C16B9007CDFE6 /* TrainX.app */,
			);
			sourceTree = "<group>";
		};
		EB7AF5972B6ECA3F007CDFE6 /* TrainX */ = {
			isa = PBXGroup;
			children = (
				EB8B64DE2B9E519900A1F067 /* Swift.gitignore */,
				EB8B64CF2B9E334200A1F067 /* Constants.swift */,
				EB7AF5982B6ECA3F007CDFE6 /* TrainXApp.swift */,
				EB7AF5C32B7BBAF6007CDFE6 /* Models */,
				EB7AF5EF2B7C27A0007CDFE6 /* ViewModel */,
				EB7AF5A62B7ACC19007CDFE6 /* View */,
				EB7AF5BE2B7B075F007CDFE6 /* Authentication */,
				EB7AF59C2B6ECA41007CDFE6 /* Assets.xcassets */,
				EB7AF5D72B7C0728007CDFE6 /* Info.plist */,
				EB7AF59E2B6ECA41007CDFE6 /* Preview Content */,
			);
			path = TrainX;
			sourceTree = "<group>";
		};
		EB7AF59E2B6ECA41007CDFE6 /* Preview Content */ = {
			isa = PBXGroup;
			children = (
				EB7AF59F2B6ECA41007CDFE6 /* Preview Assets.xcassets */,
			);
			path = "Preview Content";
			sourceTree = "<group>";
		};
		EB7AF5A62B7ACC19007CDFE6 /* View */ = {
			isa = PBXGroup;
			children = (
				EB8B64F42BA6462C00A1F067 /* Feed */,
				EB8B64EA2BA6391E00A1F067 /* Post */,
				EB8B64CE2B9E32BE00A1F067 /* ChatGPT */,
				EB7334252B8161C4005798BA /* Components */,
				EB6536D32B86A2D80084A227 /* Workout */,
				EB6536D42B86A8EB0084A227 /* TabViews */,
				EB7AF59A2B6ECA3F007CDFE6 /* ContentView.swift */,
				EB73341F2B800AA6005798BA /* RegistrationView.swift */,
				EB73342D2B818E22005798BA /* LoginView.swift */,
				EB73342F2B819941005798BA /* HomeView.swift */,
			);
			path = View;
			sourceTree = "<group>";
		};
		EB7AF5BE2B7B075F007CDFE6 /* Authentication */ = {
			isa = PBXGroup;
			children = (
				EB7AF5BF2B7B0787007CDFE6 /* AuthenticationService.swift */,
				EB7AF5D52B7C06FA007CDFE6 /* GoogleSignIn.swift */,
			);
			path = Authentication;
			sourceTree = "<group>";
		};
		EB7AF5C32B7BBAF6007CDFE6 /* Models */ = {
			isa = PBXGroup;
			children = (
				EB7334292B81824E005798BA /* User.swift */,
				EB6536B92B83F1AD0084A227 /* WorkoutPlan.swift */,
				EB6536BB2B83F24C0084A227 /* Workout.swift */,
				EB8B64E62BA637AC00A1F067 /* Post.swift */,
				EB8B64EE2BA63C0B00A1F067 /* UploadPostViewModel.swift */,
			);
			path = Models;
			sourceTree = "<group>";
		};
		EB7AF5EF2B7C27A0007CDFE6 /* ViewModel */ = {
			isa = PBXGroup;
			children = (
				EB73342B2B81885B005798BA /* AuthViewModel.swift */,
				EB6536D12B8694F40084A227 /* DeleteSet.swift */,
				EB8B64D12B9E33F000A1F067 /* ChatViewModel.swift */,
				EB8B64D82B9E35BB00A1F067 /* OpenAIService.swift */,
				EB8B64E82BA638E000A1F067 /* PostService.swift */,
				EB8B64FB2BA646E600A1F067 /* PostRowViewModel.swift */,
				EB8B64FD2BA648DC00A1F067 /* UserService.swift */,
			);
			path = ViewModel;
			sourceTree = "<group>";
		};
		EB8B64CE2B9E32BE00A1F067 /* ChatGPT */ = {
			isa = PBXGroup;
			children = (
				EB7AF5AB2B7ACCFD007CDFE6 /* ChatView.swift */,
				EB8B64DC2B9E4A6900A1F067 /* MessageView.swift */,
			);
			path = ChatGPT;
			sourceTree = "<group>";
		};
		EB8B64EA2BA6391E00A1F067 /* Post */ = {
			isa = PBXGroup;
			children = (
				EB8B64E42BA6379500A1F067 /* NewPostView.swift */,
				EB8B64F92BA646CB00A1F067 /* PostRowView.swift */,
			);
			path = Post;
			sourceTree = "<group>";
		};
		EB8B64F42BA6462C00A1F067 /* Feed */ = {
			isa = PBXGroup;
			children = (
				EB8B64F52BA6464300A1F067 /* FeedViewModel.swift */,
				EB8B64F72BA6465100A1F067 /* FeedView.swift */,
			);
			path = Feed;
			sourceTree = "<group>";
		};
/* End PBXGroup section */

/* Begin PBXNativeTarget section */
		EB7AF5942B6ECA3F007CDFE6 /* TrainX */ = {
			isa = PBXNativeTarget;
			buildConfigurationList = EB7AF5A32B6ECA41007CDFE6 /* Build configuration list for PBXNativeTarget "TrainX" */;
			buildPhases = (
				EB7AF5912B6ECA3F007CDFE6 /* Sources */,
				EB7AF5922B6ECA3F007CDFE6 /* Frameworks */,
				EB7AF5932B6ECA3F007CDFE6 /* Resources */,
			);
			buildRules = (
			);
			dependencies = (
			);
			name = TrainX;
			packageProductDependencies = (
				EB5EB89B2B82752A00B61CC0 /* FirebaseAnalytics */,
				EB5EB89D2B82752A00B61CC0 /* FirebaseAnalyticsOnDeviceConversion */,
				EB5EB89F2B82752A00B61CC0 /* FirebaseAnalyticsSwift */,
				EB5EB8A12B82752A00B61CC0 /* FirebaseAnalyticsWithoutAdIdSupport */,
				EB5EB8A32B82752A00B61CC0 /* FirebaseAppCheck */,
				EB5EB8A52B82752A00B61CC0 /* FirebaseAppDistribution-Beta */,
				EB5EB8A72B82752A00B61CC0 /* FirebaseAuth */,
				EB5EB8A92B82752A00B61CC0 /* FirebaseAuthCombine-Community */,
				EB5EB8AB2B82752A00B61CC0 /* FirebaseCrashlytics */,
				EB5EB8AD2B82752A00B61CC0 /* FirebaseDatabase */,
				EB5EB8AF2B82752A00B61CC0 /* FirebaseDatabaseSwift */,
				EB5EB8B12B82752A00B61CC0 /* FirebaseDynamicLinks */,
				EB5EB8B32B82752A00B61CC0 /* FirebaseFirestore */,
				EB5EB8B52B82752A00B61CC0 /* FirebaseFirestoreCombine-Community */,
				EB5EB8B72B82752A00B61CC0 /* FirebaseFirestoreSwift */,
				EB5EB8B92B82752A00B61CC0 /* FirebaseFunctions */,
				EB5EB8BB2B82752A00B61CC0 /* FirebaseFunctionsCombine-Community */,
				EB5EB8BD2B82752A00B61CC0 /* FirebaseInAppMessaging-Beta */,
				EB5EB8BF2B82752A00B61CC0 /* FirebaseInAppMessagingSwift-Beta */,
				EB5EB8C12B82752A00B61CC0 /* FirebaseInstallations */,
				EB5EB8C32B82752A00B61CC0 /* FirebaseMLModelDownloader */,
				EB5EB8C52B82752A00B61CC0 /* FirebaseMessaging */,
				EB5EB8C72B82752A00B61CC0 /* FirebasePerformance */,
				EB5EB8C92B82752A00B61CC0 /* FirebaseRemoteConfig */,
				EB5EB8CB2B82752A00B61CC0 /* FirebaseRemoteConfigSwift */,
				EB5EB8CD2B82752A00B61CC0 /* FirebaseStorage */,
				EB5EB8CF2B82752A00B61CC0 /* FirebaseStorageCombine-Community */,
				EB8B64D42B9E35AF00A1F067 /* Alamofire */,
				EB8B64D62B9E35AF00A1F067 /* AlamofireDynamic */,
				EB8B64EC2BA63A4000A1F067 /* Kingfisher */,
			);
			productName = One;
			productReference = EB7AF5EA2B7C16B9007CDFE6 /* TrainX.app */;
			productType = "com.apple.product-type.application";
		};
/* End PBXNativeTarget section */

/* Begin PBXProject section */
		EB7AF58D2B6ECA3F007CDFE6 /* Project object */ = {
			isa = PBXProject;
			attributes = {
				BuildIndependentTargetsInParallel = 1;
				LastSwiftUpdateCheck = 1520;
				LastUpgradeCheck = 1520;
				TargetAttributes = {
					EB7AF5942B6ECA3F007CDFE6 = {
						CreatedOnToolsVersion = 15.2;
					};
				};
			};
			buildConfigurationList = EB7AF5902B6ECA3F007CDFE6 /* Build configuration list for PBXProject "TrainX" */;
			compatibilityVersion = "Xcode 14.0";
			developmentRegion = en;
			hasScannedForEncodings = 0;
			knownRegions = (
				en,
				Base,
			);
			mainGroup = EB7AF58C2B6ECA3F007CDFE6;
			packageReferences = (
				EB5EB89A2B82752A00B61CC0 /* XCRemoteSwiftPackageReference "firebase-ios-sdk" */,
				EB8B64D32B9E35AE00A1F067 /* XCRemoteSwiftPackageReference "Alamofire" */,
				EB8B64EB2BA63A4000A1F067 /* XCRemoteSwiftPackageReference "Kingfisher" */,
			);
			productRefGroup = EB7AF58C2B6ECA3F007CDFE6;
			projectDirPath = "";
			projectRoot = "";
			targets = (
				EB7AF5942B6ECA3F007CDFE6 /* TrainX */,
			);
		};
/* End PBXProject section */

/* Begin PBXResourcesBuildPhase section */
		EB7AF5932B6ECA3F007CDFE6 /* Resources */ = {
			isa = PBXResourcesBuildPhase;
			buildActionMask = 2147483647;
			files = (
				EB7AF5A02B6ECA41007CDFE6 /* Preview Assets.xcassets in Resources */,
				EB7AF59D2B6ECA41007CDFE6 /* Assets.xcassets in Resources */,
				EB8B64DF2B9E519900A1F067 /* Swift.gitignore in Resources */,
				EBE8873A2B898F7400E2B3CF /* GoogleService-Info.plist in Resources */,
			);
			runOnlyForDeploymentPostprocessing = 0;
		};
/* End PBXResourcesBuildPhase section */

/* Begin PBXSourcesBuildPhase section */
		EB7AF5912B6ECA3F007CDFE6 /* Sources */ = {
			isa = PBXSourcesBuildPhase;
			buildActionMask = 2147483647;
			files = (
				EB8B64F62BA6464300A1F067 /* FeedViewModel.swift in Sources */,
				EB73341E2B7DB344005798BA /* InputView.swift in Sources */,
				EB6536BA2B83F1AD0084A227 /* WorkoutPlan.swift in Sources */,
				EB6536BE2B84199A0084A227 /* CreateWorkoutPlanView.swift in Sources */,
				EB7334302B819941005798BA /* HomeView.swift in Sources */,
				EB8B64FA2BA646CB00A1F067 /* PostRowView.swift in Sources */,
				EB7AF5D62B7C06FA007CDFE6 /* GoogleSignIn.swift in Sources */,
				EB6536CE2B8569140084A227 /* WorkoutRowView.swift in Sources */,
				EB7AF5AC2B7ACCFD007CDFE6 /* ChatView.swift in Sources */,
				EB6536C42B8444B90084A227 /* ButtonView.swift in Sources */,
				EB8B64F82BA6465100A1F067 /* FeedView.swift in Sources */,
				EB8B65042BA652BB00A1F067 /* TextArea.swift in Sources */,
				EB6536BC2B83F24C0084A227 /* Workout.swift in Sources */,
				EB8B64D22B9E33F000A1F067 /* ChatViewModel.swift in Sources */,
				EB8B64FE2BA648DC00A1F067 /* UserService.swift in Sources */,
				EB8B64EF2BA63C0B00A1F067 /* UploadPostViewModel.swift in Sources */,
				EB6536D02B8691C10084A227 /* WorkoutPlanGridItemView.swift in Sources */,
				EBE887402B97AD6900E2B3CF /* WorkoutPlanDetailView.swift in Sources */,
				EB8B64D02B9E334200A1F067 /* Constants.swift in Sources */,
				EB7334202B800AA6005798BA /* RegistrationView.swift in Sources */,
				EB7AF59B2B6ECA3F007CDFE6 /* ContentView.swift in Sources */,
				EB8B64D92B9E35BB00A1F067 /* OpenAIService.swift in Sources */,
				EB8B64FC2BA646E600A1F067 /* PostRowViewModel.swift in Sources */,
				EB7AF5A82B7ACC2C007CDFE6 /* HistoryView.swift in Sources */,
				EB7AF5AA2B7ACC9D007CDFE6 /* WorkoutPlansView.swift in Sources */,
				EB8B64DD2B9E4A6900A1F067 /* MessageView.swift in Sources */,
				EB6536CC2B853B5E0084A227 /* WorkoutSetInputView.swift in Sources */,
				EB8B64E72BA637AC00A1F067 /* Post.swift in Sources */,
				EBE8873C2B95214900E2B3CF /* UpdateWorkoutPlanView.swift in Sources */,
				EB7334242B8019DB005798BA /* ProfileView.swift in Sources */,
				EB8B64E52BA6379500A1F067 /* NewPostView.swift in Sources */,
				EB73342E2B818E22005798BA /* LoginView.swift in Sources */,
				EB6536C22B843FAC0084A227 /* WorkoutSetRowView.swift in Sources */,
				EB7334282B8162BA005798BA /* SettingsRowView.swift in Sources */,
				EB6536C02B841A6A0084A227 /* CreateWorkoutView.swift in Sources */,
				EB73342A2B81824E005798BA /* User.swift in Sources */,
				EB8B64E92BA638E000A1F067 /* PostService.swift in Sources */,
				EB73342C2B81885B005798BA /* AuthViewModel.swift in Sources */,
				EB7AF5992B6ECA3F007CDFE6 /* TrainXApp.swift in Sources */,
				EB7AF5C02B7B0787007CDFE6 /* AuthenticationService.swift in Sources */,
				EB6536D22B8694F40084A227 /* DeleteSet.swift in Sources */,
			);
			runOnlyForDeploymentPostprocessing = 0;
		};
/* End PBXSourcesBuildPhase section */

/* Begin XCBuildConfiguration section */
		EB7AF5A12B6ECA41007CDFE6 /* Debug */ = {
			isa = XCBuildConfiguration;
			buildSettings = {
				ALWAYS_SEARCH_USER_PATHS = NO;
				ASSETCATALOG_COMPILER_GENERATE_SWIFT_ASSET_SYMBOL_EXTENSIONS = YES;
				CLANG_ANALYZER_NONNULL = YES;
				CLANG_ANALYZER_NUMBER_OBJECT_CONVERSION = YES_AGGRESSIVE;
				CLANG_CXX_LANGUAGE_STANDARD = "gnu++20";
				CLANG_ENABLE_MODULES = YES;
				CLANG_ENABLE_OBJC_ARC = YES;
				CLANG_ENABLE_OBJC_WEAK = YES;
				CLANG_WARN_BLOCK_CAPTURE_AUTORELEASING = YES;
				CLANG_WARN_BOOL_CONVERSION = YES;
				CLANG_WARN_COMMA = YES;
				CLANG_WARN_CONSTANT_CONVERSION = YES;
				CLANG_WARN_DEPRECATED_OBJC_IMPLEMENTATIONS = YES;
				CLANG_WARN_DIRECT_OBJC_ISA_USAGE = YES_ERROR;
				CLANG_WARN_DOCUMENTATION_COMMENTS = YES;
				CLANG_WARN_EMPTY_BODY = YES;
				CLANG_WARN_ENUM_CONVERSION = YES;
				CLANG_WARN_INFINITE_RECURSION = YES;
				CLANG_WARN_INT_CONVERSION = YES;
				CLANG_WARN_NON_LITERAL_NULL_CONVERSION = YES;
				CLANG_WARN_OBJC_IMPLICIT_RETAIN_SELF = YES;
				CLANG_WARN_OBJC_LITERAL_CONVERSION = YES;
				CLANG_WARN_OBJC_ROOT_CLASS = YES_ERROR;
				CLANG_WARN_QUOTED_INCLUDE_IN_FRAMEWORK_HEADER = YES;
				CLANG_WARN_RANGE_LOOP_ANALYSIS = YES;
				CLANG_WARN_STRICT_PROTOTYPES = YES;
				CLANG_WARN_SUSPICIOUS_MOVE = YES;
				CLANG_WARN_UNGUARDED_AVAILABILITY = YES_AGGRESSIVE;
				CLANG_WARN_UNREACHABLE_CODE = YES;
				CLANG_WARN__DUPLICATE_METHOD_MATCH = YES;
				COPY_PHASE_STRIP = NO;
				DEBUG_INFORMATION_FORMAT = dwarf;
				ENABLE_STRICT_OBJC_MSGSEND = YES;
				ENABLE_TESTABILITY = YES;
				ENABLE_USER_SCRIPT_SANDBOXING = YES;
				GCC_C_LANGUAGE_STANDARD = gnu17;
				GCC_DYNAMIC_NO_PIC = NO;
				GCC_NO_COMMON_BLOCKS = YES;
				GCC_OPTIMIZATION_LEVEL = 0;
				GCC_PREPROCESSOR_DEFINITIONS = (
					"DEBUG=1",
					"$(inherited)",
				);
				GCC_WARN_64_TO_32_BIT_CONVERSION = YES;
				GCC_WARN_ABOUT_RETURN_TYPE = YES_ERROR;
				GCC_WARN_UNDECLARED_SELECTOR = YES;
				GCC_WARN_UNINITIALIZED_AUTOS = YES_AGGRESSIVE;
				GCC_WARN_UNUSED_FUNCTION = YES;
				GCC_WARN_UNUSED_VARIABLE = YES;
				IPHONEOS_DEPLOYMENT_TARGET = 17.2;
				LOCALIZATION_PREFERS_STRING_CATALOGS = YES;
				MTL_ENABLE_DEBUG_INFO = INCLUDE_SOURCE;
				MTL_FAST_MATH = YES;
				ONLY_ACTIVE_ARCH = YES;
				SDKROOT = iphoneos;
				SWIFT_ACTIVE_COMPILATION_CONDITIONS = "DEBUG $(inherited)";
				SWIFT_OPTIMIZATION_LEVEL = "-Onone";
			};
			name = Debug;
		};
		EB7AF5A22B6ECA41007CDFE6 /* Release */ = {
			isa = XCBuildConfiguration;
			buildSettings = {
				ALWAYS_SEARCH_USER_PATHS = NO;
				ASSETCATALOG_COMPILER_GENERATE_SWIFT_ASSET_SYMBOL_EXTENSIONS = YES;
				CLANG_ANALYZER_NONNULL = YES;
				CLANG_ANALYZER_NUMBER_OBJECT_CONVERSION = YES_AGGRESSIVE;
				CLANG_CXX_LANGUAGE_STANDARD = "gnu++20";
				CLANG_ENABLE_MODULES = YES;
				CLANG_ENABLE_OBJC_ARC = YES;
				CLANG_ENABLE_OBJC_WEAK = YES;
				CLANG_WARN_BLOCK_CAPTURE_AUTORELEASING = YES;
				CLANG_WARN_BOOL_CONVERSION = YES;
				CLANG_WARN_COMMA = YES;
				CLANG_WARN_CONSTANT_CONVERSION = YES;
				CLANG_WARN_DEPRECATED_OBJC_IMPLEMENTATIONS = YES;
				CLANG_WARN_DIRECT_OBJC_ISA_USAGE = YES_ERROR;
				CLANG_WARN_DOCUMENTATION_COMMENTS = YES;
				CLANG_WARN_EMPTY_BODY = YES;
				CLANG_WARN_ENUM_CONVERSION = YES;
				CLANG_WARN_INFINITE_RECURSION = YES;
				CLANG_WARN_INT_CONVERSION = YES;
				CLANG_WARN_NON_LITERAL_NULL_CONVERSION = YES;
				CLANG_WARN_OBJC_IMPLICIT_RETAIN_SELF = YES;
				CLANG_WARN_OBJC_LITERAL_CONVERSION = YES;
				CLANG_WARN_OBJC_ROOT_CLASS = YES_ERROR;
				CLANG_WARN_QUOTED_INCLUDE_IN_FRAMEWORK_HEADER = YES;
				CLANG_WARN_RANGE_LOOP_ANALYSIS = YES;
				CLANG_WARN_STRICT_PROTOTYPES = YES;
				CLANG_WARN_SUSPICIOUS_MOVE = YES;
				CLANG_WARN_UNGUARDED_AVAILABILITY = YES_AGGRESSIVE;
				CLANG_WARN_UNREACHABLE_CODE = YES;
				CLANG_WARN__DUPLICATE_METHOD_MATCH = YES;
				COPY_PHASE_STRIP = NO;
				DEBUG_INFORMATION_FORMAT = "dwarf-with-dsym";
				ENABLE_NS_ASSERTIONS = NO;
				ENABLE_STRICT_OBJC_MSGSEND = YES;
				ENABLE_USER_SCRIPT_SANDBOXING = YES;
				GCC_C_LANGUAGE_STANDARD = gnu17;
				GCC_NO_COMMON_BLOCKS = YES;
				GCC_WARN_64_TO_32_BIT_CONVERSION = YES;
				GCC_WARN_ABOUT_RETURN_TYPE = YES_ERROR;
				GCC_WARN_UNDECLARED_SELECTOR = YES;
				GCC_WARN_UNINITIALIZED_AUTOS = YES_AGGRESSIVE;
				GCC_WARN_UNUSED_FUNCTION = YES;
				GCC_WARN_UNUSED_VARIABLE = YES;
				IPHONEOS_DEPLOYMENT_TARGET = 17.2;
				LOCALIZATION_PREFERS_STRING_CATALOGS = YES;
				MTL_ENABLE_DEBUG_INFO = NO;
				MTL_FAST_MATH = YES;
				SDKROOT = iphoneos;
				SWIFT_COMPILATION_MODE = wholemodule;
				VALIDATE_PRODUCT = YES;
			};
			name = Release;
		};
		EB7AF5A42B6ECA41007CDFE6 /* Debug */ = {
			isa = XCBuildConfiguration;
			buildSettings = {
				ASSETCATALOG_COMPILER_APPICON_NAME = AppIcon;
				ASSETCATALOG_COMPILER_GLOBAL_ACCENT_COLOR_NAME = AccentColor;
				CODE_SIGN_STYLE = Automatic;
				CURRENT_PROJECT_VERSION = 1;
				DEVELOPMENT_ASSET_PATHS = "\"TrainX/Preview Content\"";
				DEVELOPMENT_TEAM = DRB7K3U254;
				ENABLE_PREVIEWS = YES;
				GENERATE_INFOPLIST_FILE = YES;
				INFOPLIST_FILE = TrainX/Info.plist;
				INFOPLIST_KEY_UIApplicationSceneManifest_Generation = YES;
				INFOPLIST_KEY_UIApplicationSupportsIndirectInputEvents = YES;
				INFOPLIST_KEY_UILaunchScreen_Generation = YES;
				INFOPLIST_KEY_UISupportedInterfaceOrientations_iPad = "UIInterfaceOrientationPortrait UIInterfaceOrientationPortraitUpsideDown UIInterfaceOrientationLandscapeLeft UIInterfaceOrientationLandscapeRight";
				INFOPLIST_KEY_UISupportedInterfaceOrientations_iPhone = "UIInterfaceOrientationPortrait UIInterfaceOrientationLandscapeLeft UIInterfaceOrientationLandscapeRight";
				LD_RUNPATH_SEARCH_PATHS = (
					"$(inherited)",
					"@executable_path/Frameworks",
				);
				MARKETING_VERSION = 1.0;
				PRODUCT_BUNDLE_IDENTIFIER = Brian.TrainX;
				PRODUCT_NAME = "$(TARGET_NAME)";
				SWIFT_EMIT_LOC_STRINGS = YES;
				SWIFT_VERSION = 5.0;
				TARGETED_DEVICE_FAMILY = "1,2";
			};
			name = Debug;
		};
		EB7AF5A52B6ECA41007CDFE6 /* Release */ = {
			isa = XCBuildConfiguration;
			buildSettings = {
				ASSETCATALOG_COMPILER_APPICON_NAME = AppIcon;
				ASSETCATALOG_COMPILER_GLOBAL_ACCENT_COLOR_NAME = AccentColor;
				CODE_SIGN_STYLE = Automatic;
				CURRENT_PROJECT_VERSION = 1;
				DEVELOPMENT_ASSET_PATHS = "\"TrainX/Preview Content\"";
				DEVELOPMENT_TEAM = DRB7K3U254;
				ENABLE_PREVIEWS = YES;
				GENERATE_INFOPLIST_FILE = YES;
				INFOPLIST_FILE = TrainX/Info.plist;
				INFOPLIST_KEY_UIApplicationSceneManifest_Generation = YES;
				INFOPLIST_KEY_UIApplicationSupportsIndirectInputEvents = YES;
				INFOPLIST_KEY_UILaunchScreen_Generation = YES;
				INFOPLIST_KEY_UISupportedInterfaceOrientations_iPad = "UIInterfaceOrientationPortrait UIInterfaceOrientationPortraitUpsideDown UIInterfaceOrientationLandscapeLeft UIInterfaceOrientationLandscapeRight";
				INFOPLIST_KEY_UISupportedInterfaceOrientations_iPhone = "UIInterfaceOrientationPortrait UIInterfaceOrientationLandscapeLeft UIInterfaceOrientationLandscapeRight";
				LD_RUNPATH_SEARCH_PATHS = (
					"$(inherited)",
					"@executable_path/Frameworks",
				);
				MARKETING_VERSION = 1.0;
				PRODUCT_BUNDLE_IDENTIFIER = Brian.TrainX;
				PRODUCT_NAME = "$(TARGET_NAME)";
				SWIFT_EMIT_LOC_STRINGS = YES;
				SWIFT_VERSION = 5.0;
				TARGETED_DEVICE_FAMILY = "1,2";
			};
			name = Release;
		};
/* End XCBuildConfiguration section */

/* Begin XCConfigurationList section */
		EB7AF5902B6ECA3F007CDFE6 /* Build configuration list for PBXProject "TrainX" */ = {
			isa = XCConfigurationList;
			buildConfigurations = (
				EB7AF5A12B6ECA41007CDFE6 /* Debug */,
				EB7AF5A22B6ECA41007CDFE6 /* Release */,
			);
			defaultConfigurationIsVisible = 0;
			defaultConfigurationName = Release;
		};
		EB7AF5A32B6ECA41007CDFE6 /* Build configuration list for PBXNativeTarget "TrainX" */ = {
			isa = XCConfigurationList;
			buildConfigurations = (
				EB7AF5A42B6ECA41007CDFE6 /* Debug */,
				EB7AF5A52B6ECA41007CDFE6 /* Release */,
			);
			defaultConfigurationIsVisible = 0;
			defaultConfigurationName = Release;
		};
/* End XCConfigurationList section */

/* Begin XCRemoteSwiftPackageReference section */
		EB5EB89A2B82752A00B61CC0 /* XCRemoteSwiftPackageReference "firebase-ios-sdk" */ = {
			isa = XCRemoteSwiftPackageReference;
			repositoryURL = "https://github.com/firebase/firebase-ios-sdk";
			requirement = {
				kind = upToNextMajorVersion;
				minimumVersion = 10.21.0;
			};
		};
		EB8B64D32B9E35AE00A1F067 /* XCRemoteSwiftPackageReference "Alamofire" */ = {
			isa = XCRemoteSwiftPackageReference;
			repositoryURL = "https://github.com/Alamofire/Alamofire.git";
			requirement = {
				kind = upToNextMajorVersion;
				minimumVersion = 5.9.0;
			};
		};
		EB8B64EB2BA63A4000A1F067 /* XCRemoteSwiftPackageReference "Kingfisher" */ = {
			isa = XCRemoteSwiftPackageReference;
			repositoryURL = "https://github.com/onevcat/Kingfisher.git";
			requirement = {
				kind = upToNextMajorVersion;
				minimumVersion = 7.11.0;
			};
		};
/* End XCRemoteSwiftPackageReference section */

/* Begin XCSwiftPackageProductDependency section */
		EB5EB89B2B82752A00B61CC0 /* FirebaseAnalytics */ = {
			isa = XCSwiftPackageProductDependency;
			package = EB5EB89A2B82752A00B61CC0 /* XCRemoteSwiftPackageReference "firebase-ios-sdk" */;
			productName = FirebaseAnalytics;
		};
		EB5EB89D2B82752A00B61CC0 /* FirebaseAnalyticsOnDeviceConversion */ = {
			isa = XCSwiftPackageProductDependency;
			package = EB5EB89A2B82752A00B61CC0 /* XCRemoteSwiftPackageReference "firebase-ios-sdk" */;
			productName = FirebaseAnalyticsOnDeviceConversion;
		};
		EB5EB89F2B82752A00B61CC0 /* FirebaseAnalyticsSwift */ = {
			isa = XCSwiftPackageProductDependency;
			package = EB5EB89A2B82752A00B61CC0 /* XCRemoteSwiftPackageReference "firebase-ios-sdk" */;
			productName = FirebaseAnalyticsSwift;
		};
		EB5EB8A12B82752A00B61CC0 /* FirebaseAnalyticsWithoutAdIdSupport */ = {
			isa = XCSwiftPackageProductDependency;
			package = EB5EB89A2B82752A00B61CC0 /* XCRemoteSwiftPackageReference "firebase-ios-sdk" */;
			productName = FirebaseAnalyticsWithoutAdIdSupport;
		};
		EB5EB8A32B82752A00B61CC0 /* FirebaseAppCheck */ = {
			isa = XCSwiftPackageProductDependency;
			package = EB5EB89A2B82752A00B61CC0 /* XCRemoteSwiftPackageReference "firebase-ios-sdk" */;
			productName = FirebaseAppCheck;
		};
		EB5EB8A52B82752A00B61CC0 /* FirebaseAppDistribution-Beta */ = {
			isa = XCSwiftPackageProductDependency;
			package = EB5EB89A2B82752A00B61CC0 /* XCRemoteSwiftPackageReference "firebase-ios-sdk" */;
			productName = "FirebaseAppDistribution-Beta";
		};
		EB5EB8A72B82752A00B61CC0 /* FirebaseAuth */ = {
			isa = XCSwiftPackageProductDependency;
			package = EB5EB89A2B82752A00B61CC0 /* XCRemoteSwiftPackageReference "firebase-ios-sdk" */;
			productName = FirebaseAuth;
		};
		EB5EB8A92B82752A00B61CC0 /* FirebaseAuthCombine-Community */ = {
			isa = XCSwiftPackageProductDependency;
			package = EB5EB89A2B82752A00B61CC0 /* XCRemoteSwiftPackageReference "firebase-ios-sdk" */;
			productName = "FirebaseAuthCombine-Community";
		};
		EB5EB8AB2B82752A00B61CC0 /* FirebaseCrashlytics */ = {
			isa = XCSwiftPackageProductDependency;
			package = EB5EB89A2B82752A00B61CC0 /* XCRemoteSwiftPackageReference "firebase-ios-sdk" */;
			productName = FirebaseCrashlytics;
		};
		EB5EB8AD2B82752A00B61CC0 /* FirebaseDatabase */ = {
			isa = XCSwiftPackageProductDependency;
			package = EB5EB89A2B82752A00B61CC0 /* XCRemoteSwiftPackageReference "firebase-ios-sdk" */;
			productName = FirebaseDatabase;
		};
		EB5EB8AF2B82752A00B61CC0 /* FirebaseDatabaseSwift */ = {
			isa = XCSwiftPackageProductDependency;
			package = EB5EB89A2B82752A00B61CC0 /* XCRemoteSwiftPackageReference "firebase-ios-sdk" */;
			productName = FirebaseDatabaseSwift;
		};
		EB5EB8B12B82752A00B61CC0 /* FirebaseDynamicLinks */ = {
			isa = XCSwiftPackageProductDependency;
			package = EB5EB89A2B82752A00B61CC0 /* XCRemoteSwiftPackageReference "firebase-ios-sdk" */;
			productName = FirebaseDynamicLinks;
		};
		EB5EB8B32B82752A00B61CC0 /* FirebaseFirestore */ = {
			isa = XCSwiftPackageProductDependency;
			package = EB5EB89A2B82752A00B61CC0 /* XCRemoteSwiftPackageReference "firebase-ios-sdk" */;
			productName = FirebaseFirestore;
		};
		EB5EB8B52B82752A00B61CC0 /* FirebaseFirestoreCombine-Community */ = {
			isa = XCSwiftPackageProductDependency;
			package = EB5EB89A2B82752A00B61CC0 /* XCRemoteSwiftPackageReference "firebase-ios-sdk" */;
			productName = "FirebaseFirestoreCombine-Community";
		};
		EB5EB8B72B82752A00B61CC0 /* FirebaseFirestoreSwift */ = {
			isa = XCSwiftPackageProductDependency;
			package = EB5EB89A2B82752A00B61CC0 /* XCRemoteSwiftPackageReference "firebase-ios-sdk" */;
			productName = FirebaseFirestoreSwift;
		};
		EB5EB8B92B82752A00B61CC0 /* FirebaseFunctions */ = {
			isa = XCSwiftPackageProductDependency;
			package = EB5EB89A2B82752A00B61CC0 /* XCRemoteSwiftPackageReference "firebase-ios-sdk" */;
			productName = FirebaseFunctions;
		};
		EB5EB8BB2B82752A00B61CC0 /* FirebaseFunctionsCombine-Community */ = {
			isa = XCSwiftPackageProductDependency;
			package = EB5EB89A2B82752A00B61CC0 /* XCRemoteSwiftPackageReference "firebase-ios-sdk" */;
			productName = "FirebaseFunctionsCombine-Community";
		};
		EB5EB8BD2B82752A00B61CC0 /* FirebaseInAppMessaging-Beta */ = {
			isa = XCSwiftPackageProductDependency;
			package = EB5EB89A2B82752A00B61CC0 /* XCRemoteSwiftPackageReference "firebase-ios-sdk" */;
			productName = "FirebaseInAppMessaging-Beta";
		};
		EB5EB8BF2B82752A00B61CC0 /* FirebaseInAppMessagingSwift-Beta */ = {
			isa = XCSwiftPackageProductDependency;
			package = EB5EB89A2B82752A00B61CC0 /* XCRemoteSwiftPackageReference "firebase-ios-sdk" */;
			productName = "FirebaseInAppMessagingSwift-Beta";
		};
		EB5EB8C12B82752A00B61CC0 /* FirebaseInstallations */ = {
			isa = XCSwiftPackageProductDependency;
			package = EB5EB89A2B82752A00B61CC0 /* XCRemoteSwiftPackageReference "firebase-ios-sdk" */;
			productName = FirebaseInstallations;
		};
		EB5EB8C32B82752A00B61CC0 /* FirebaseMLModelDownloader */ = {
			isa = XCSwiftPackageProductDependency;
			package = EB5EB89A2B82752A00B61CC0 /* XCRemoteSwiftPackageReference "firebase-ios-sdk" */;
			productName = FirebaseMLModelDownloader;
		};
		EB5EB8C52B82752A00B61CC0 /* FirebaseMessaging */ = {
			isa = XCSwiftPackageProductDependency;
			package = EB5EB89A2B82752A00B61CC0 /* XCRemoteSwiftPackageReference "firebase-ios-sdk" */;
			productName = FirebaseMessaging;
		};
		EB5EB8C72B82752A00B61CC0 /* FirebasePerformance */ = {
			isa = XCSwiftPackageProductDependency;
			package = EB5EB89A2B82752A00B61CC0 /* XCRemoteSwiftPackageReference "firebase-ios-sdk" */;
			productName = FirebasePerformance;
		};
		EB5EB8C92B82752A00B61CC0 /* FirebaseRemoteConfig */ = {
			isa = XCSwiftPackageProductDependency;
			package = EB5EB89A2B82752A00B61CC0 /* XCRemoteSwiftPackageReference "firebase-ios-sdk" */;
			productName = FirebaseRemoteConfig;
		};
		EB5EB8CB2B82752A00B61CC0 /* FirebaseRemoteConfigSwift */ = {
			isa = XCSwiftPackageProductDependency;
			package = EB5EB89A2B82752A00B61CC0 /* XCRemoteSwiftPackageReference "firebase-ios-sdk" */;
			productName = FirebaseRemoteConfigSwift;
		};
		EB5EB8CD2B82752A00B61CC0 /* FirebaseStorage */ = {
			isa = XCSwiftPackageProductDependency;
			package = EB5EB89A2B82752A00B61CC0 /* XCRemoteSwiftPackageReference "firebase-ios-sdk" */;
			productName = FirebaseStorage;
		};
		EB5EB8CF2B82752A00B61CC0 /* FirebaseStorageCombine-Community */ = {
			isa = XCSwiftPackageProductDependency;
			package = EB5EB89A2B82752A00B61CC0 /* XCRemoteSwiftPackageReference "firebase-ios-sdk" */;
			productName = "FirebaseStorageCombine-Community";
		};
		EB8B64D42B9E35AF00A1F067 /* Alamofire */ = {
			isa = XCSwiftPackageProductDependency;
			package = EB8B64D32B9E35AE00A1F067 /* XCRemoteSwiftPackageReference "Alamofire" */;
			productName = Alamofire;
		};
		EB8B64D62B9E35AF00A1F067 /* AlamofireDynamic */ = {
			isa = XCSwiftPackageProductDependency;
			package = EB8B64D32B9E35AE00A1F067 /* XCRemoteSwiftPackageReference "Alamofire" */;
			productName = AlamofireDynamic;
		};
		EB8B64EC2BA63A4000A1F067 /* Kingfisher */ = {
			isa = XCSwiftPackageProductDependency;
			package = EB8B64EB2BA63A4000A1F067 /* XCRemoteSwiftPackageReference "Kingfisher" */;
			productName = Kingfisher;
		};
/* End XCSwiftPackageProductDependency section */
	};
	rootObject = EB7AF58D2B6ECA3F007CDFE6 /* Project object */;
}
